
Microsoft Visual Studio Solution File, Format Version 12.00
# Visual Studio Version 16
VisualStudioVersion = 16.0.31729.503
MinimumVisualStudioVersion = 10.0.40219.1
Project("{FAE04EC0-301F-11D3-BF4B-00C04F79EFBC}") = "ServerTest", "ServerTest\ServerTest.csproj", "{2884A23A-8303-4A30-A30C-64A24F1AFC9D}"
EndProject
Global
	GlobalSection(SolutionConfigurationPlatforms) = preSolution
		Debug|Any CPU = Debug|Any CPU
		Release|Any CPU = Release|Any CPU
	EndGlobalSection
	GlobalSection(ProjectConfigurationPlatforms) = postSolution
		{2884A23A-8303-4A30-A30C-64A24F1AFC9D}.Debug|Any CPU.ActiveCfg = Debug|Any CPU
		{2884A23A-8303-4A30-A30C-64A24F1AFC9D}.Debug|Any CPU.Build.0 = Debug|Any CPU
		{2884A23A-8303-4A30-A30C-64A24F1AFC9D}.Release|Any CPU.ActiveCfg = Release|Any CPU
		{2884A23A-8303-4A30-A30C-64A24F1AFC9D}.Release|Any CPU.Build.0 = Release|Any CPU
	EndGlobalSection
	GlobalSection(SolutionProperties) = preSolution
		HideSolutionNode = FALSE
	EndGlobalSection
	GlobalSection(ExtensibilityGlobals) = postSolution
		SolutionGuid = {EAC47788-E174-4ED0-8750-73D5C7BD5374}
	EndGlobalSection
EndGlobal
